// !$*UTF8*$!
{
	archiveVersion = 1;
	classes = {
	};
	objectVersion = 46;
	objects = {

/* Begin PBXBuildFile section */
		E91B390421628F9F00781C79 /* main.cpp in Sources */ = {isa = PBXBuildFile; fileRef = E91B390321628F9F00781C79 /* main.cpp */; };
		E97EDD5821668A9B0015BCB4 /* file_handler.cpp in Sources */ = {isa = PBXBuildFile; fileRef = E97EDD5621668A9B0015BCB4 /* file_handler.cpp */; };
		E983C31E2165A47600F745C7 /* parser.cpp in Sources */ = {isa = PBXBuildFile; fileRef = E983C31C2165A47600F745C7 /* parser.cpp */; };
		E983C3212165A48700F745C7 /* executer.cpp in Sources */ = {isa = PBXBuildFile; fileRef = E983C31F2165A48700F745C7 /* executer.cpp */; };
/* End PBXBuildFile section */

/* Begin PBXCopyFilesBuildPhase section */
		E91B38FE21628F9E00781C79 /* CopyFiles */ = {
			isa = PBXCopyFilesBuildPhase;
			buildActionMask = 2147483647;
			dstPath = /usr/share/man/man1/;
			dstSubfolderSpec = 0;
			files = (
			);
			runOnlyForDeploymentPostprocessing = 1;
		};
/* End PBXCopyFilesBuildPhase section */

/* Begin PBXFileReference section */
		E91B390021628F9F00781C79 /* Shell */ = {isa = PBXFileReference; explicitFileType = "compiled.mach-o.executable"; includeInIndex = 0; path = Shell; sourceTree = BUILT_PRODUCTS_DIR; };
		E91B390321628F9F00781C79 /* main.cpp */ = {isa = PBXFileReference; lastKnownFileType = sourcecode.cpp.cpp; path = main.cpp; sourceTree = "<group>"; };
		E97EDD5621668A9B0015BCB4 /* file_handler.cpp */ = {isa = PBXFileReference; fileEncoding = 4; lastKnownFileType = sourcecode.cpp.cpp; path = file_handler.cpp; sourceTree = "<group>"; };
		E97EDD5721668A9B0015BCB4 /* file_handler.hpp */ = {isa = PBXFileReference; fileEncoding = 4; lastKnownFileType = sourcecode.cpp.h; path = file_handler.hpp; sourceTree = "<group>"; };
		E983C31C2165A47600F745C7 /* parser.cpp */ = {isa = PBXFileReference; fileEncoding = 4; lastKnownFileType = sourcecode.cpp.cpp; path = parser.cpp; sourceTree = "<group>"; };
		E983C31D2165A47600F745C7 /* parser.hpp */ = {isa = PBXFileReference; fileEncoding = 4; lastKnownFileType = sourcecode.cpp.h; path = parser.hpp; sourceTree = "<group>"; };
		E983C31F2165A48700F745C7 /* executer.cpp */ = {isa = PBXFileReference; fileEncoding = 4; lastKnownFileType = sourcecode.cpp.cpp; path = executer.cpp; sourceTree = "<group>"; };
		E983C3202165A48700F745C7 /* executer.hpp */ = {isa = PBXFileReference; fileEncoding = 4; lastKnownFileType = sourcecode.cpp.h; path = executer.hpp; sourceTree = "<group>"; };
/* End PBXFileReference section */

/* Begin PBXFrameworksBuildPhase section */
		E91B38FD21628F9E00781C79 /* Frameworks */ = {
			isa = PBXFrameworksBuildPhase;
			buildActionMask = 2147483647;
			files = (
			);
			runOnlyForDeploymentPostprocessing = 0;
		};
/* End PBXFrameworksBuildPhase section */

/* Begin PBXGroup section */
		E91B38F721628F9E00781C79 = {
			isa = PBXGroup;
			children = (
				E91B390221628F9F00781C79 /* Shell */,
				E91B390121628F9F00781C79 /* Products */,
			);
			sourceTree = "<group>";
		};
		E91B390121628F9F00781C79 /* Products */ = {
			isa = PBXGroup;
			children = (
				E91B390021628F9F00781C79 /* Shell */,
			);
			name = Products;
			sourceTree = "<group>";
		};
		E91B390221628F9F00781C79 /* Shell */ = {
			isa = PBXGroup;
			children = (
				E97EDD5621668A9B0015BCB4 /* file_handler.cpp */,
				E97EDD5721668A9B0015BCB4 /* file_handler.hpp */,
				E91B390321628F9F00781C79 /* main.cpp */,
				E983C31C2165A47600F745C7 /* parser.cpp */,
				E983C31D2165A47600F745C7 /* parser.hpp */,
				E983C31F2165A48700F745C7 /* executer.cpp */,
				E983C3202165A48700F745C7 /* executer.hpp */,
			);
			path = Shell;
			sourceTree = "<group>";
		};
/* End PBXGroup section */

/* Begin PBXNativeTarget section */
		E91B38FF21628F9E00781C79 /* Shell */ = {
			isa = PBXNativeTarget;
			buildConfigurationList = E91B390721628F9F00781C79 /* Build configuration list for PBXNativeTarget "Shell" */;
			buildPhases = (
				E91B38FC21628F9E00781C79 /* Sources */,
				E91B38FD21628F9E00781C79 /* Frameworks */,
				E91B38FE21628F9E00781C79 /* CopyFiles */,
			);
			buildRules = (
			);
			dependencies = (
			);
			name = Shell;
			productName = Shell;
			productReference = E91B390021628F9F00781C79 /* Shell */;
			productType = "com.apple.product-type.tool";
		};
/* End PBXNativeTarget section */

/* Begin PBXProject section */
		E91B38F821628F9E00781C79 /* Project object */ = {
			isa = PBXProject;
			attributes = {
				LastUpgradeCheck = 0820;
				ORGANIZATIONNAME = "Khaled Abdelfattah";
				TargetAttributes = {
					E91B38FF21628F9E00781C79 = {
						CreatedOnToolsVersion = 8.2.1;
						ProvisioningStyle = Automatic;
					};
				};
			};
			buildConfigurationList = E91B38FB21628F9E00781C79 /* Build configuration list for PBXProject "Shell" */;
			compatibilityVersion = "Xcode 3.2";
			developmentRegion = English;
			hasScannedForEncodings = 0;
			knownRegions = (
				en,
			);
			mainGroup = E91B38F721628F9E00781C79;
			productRefGroup = E91B390121628F9F00781C79 /* Products */;
			projectDirPath = "";
			projectRoot = "";
			targets = (
				E91B38FF21628F9E00781C79 /* Shell */,
			);
		};
/* End PBXProject section */

/* Begin PBXSourcesBuildPhase section */
		E91B38FC21628F9E00781C79 /* Sources */ = {
			isa = PBXSourcesBuildPhase;
			buildActionMask = 2147483647;
			files = (
				E983C31E2165A47600F745C7 /* parser.cpp in Sources */,
				E983C3212165A48700F745C7 /* executer.cpp in Sources */,
				E97EDD5821668A9B0015BCB4 /* file_handler.cpp in Sources */,
				E91B390421628F9F00781C79 /* main.cpp in Sources */,
			);
			runOnlyForDeploymentPostprocessing = 0;
		};
/* End PBXSourcesBuildPhase section */

/* Begin XCBuildConfiguration section */
		E91B390521628F9F00781C79 /* Debug */ = {
			isa = XCBuildConfiguration;
			buildSettings = {
				ALWAYS_SEARCH_USER_PATHS = NO;
				CLANG_ANALYZER_NONNULL = YES;
				CLANG_CXX_LANGUAGE_STANDARD = "gnu++0x";
				CLANG_CXX_LIBRARY = "libc++";
				CLANG_ENABLE_MODULES = YES;
				CLANG_ENABLE_OBJC_ARC = YES;
				CLANG_WARN_BOOL_CONVERSION = YES;
				CLANG_WARN_CONSTANT_CONVERSION = YES;
				CLANG_WARN_DIRECT_OBJC_ISA_USAGE = YES_ERROR;
				CLANG_WARN_DOCUMENTATION_COMMENTS = YES;
				CLANG_WARN_EMPTY_BODY = YES;
				CLANG_WARN_ENUM_CONVERSION = YES;
				CLANG_WARN_INFINITE_RECURSION = YES;
				CLANG_WARN_INT_CONVERSION = YES;
				CLANG_WARN_OBJC_ROOT_CLASS = YES_ERROR;
				CLANG_WARN_SUSPICIOUS_MOVE = YES;
				CLANG_WARN_UNREACHABLE_CODE = YES;
				CLANG_WARN__DUPLICATE_METHOD_MATCH = YES;
				CODE_SIGN_IDENTITY = "-";
				COPY_PHASE_STRIP = NO;
				DEBUG_INFORMATION_FORMAT = dwarf;
				ENABLE_STRICT_OBJC_MSGSEND = YES;
				ENABLE_TESTABILITY = YES;
				GCC_C_LANGUAGE_STANDARD = gnu99;
				GCC_DYNAMIC_NO_PIC = NO;
				GCC_NO_COMMON_BLOCKS = YES;
				GCC_OPTIMIZATION_LEVEL = 0;
				GCC_PREPROCESSOR_DEFINITIONS = (
					"DEBUG=1",
					"$(inherited)",
				);
				GCC_WARN_64_TO_32_BIT_CONVERSION = YES;
				GCC_WARN_ABOUT_RETURN_TYPE = YES_ERROR;
				GCC_WARN_UNDECLARED_SELECTOR = YES;
				GCC_WARN_UNINITIALIZED_AUTOS = YES_AGGRESSIVE;
				GCC_WARN_UNUSED_FUNCTION = YES;
				GCC_WARN_UNUSED_VARIABLE = YES;
				MACOSX_DEPLOYMENT_TARGET = 10.13;
				MTL_ENABLE_DEBUG_INFO = YES;
				ONLY_ACTIVE_ARCH = YES;
				SDKROOT = macosx;
			};
			name = Debug;
		};
		E91B390621628F9F00781C79 /* Release */ = {
			isa = XCBuildConfiguration;
			buildSettings = {
				ALWAYS_SEARCH_USER_PATHS = NO;
				CLANG_ANALYZER_NONNULL = YES;
				CLANG_CXX_LANGUAGE_STANDARD = "gnu++0x";
				CLANG_CXX_LIBRARY = "libc++";
				CLANG_ENABLE_MODULES = YES;
				CLANG_ENABLE_OBJC_ARC = YES;
				CLANG_WARN_BOOL_CONVERSION = YES;
				CLANG_WARN_CONSTANT_CONVERSION = YES;
				CLANG_WARN_DIRECT_OBJC_ISA_USAGE = YES_ERROR;
				CLANG_WARN_DOCUMENTATION_COMMENTS = YES;
				CLANG_WARN_EMPTY_BODY = YES;
				CLANG_WARN_ENUM_CONVERSION = YES;
				CLANG_WARN_INFINITE_RECURSION = YES;
				CLANG_WARN_INT_CONVERSION = YES;
				CLANG_WARN_OBJC_ROOT_CLASS = YES_ERROR;
				CLANG_WARN_SUSPICIOUS_MOVE = YES;
				CLANG_WARN_UNREACHABLE_CODE = YES;
				CLANG_WARN__DUPLICATE_METHOD_MATCH = YES;
				CODE_SIGN_IDENTITY = "-";
				COPY_PHASE_STRIP = NO;
				DEBUG_INFORMATION_FORMAT = "dwarf-with-dsym";
				ENABLE_NS_ASSERTIONS = NO;
				ENABLE_STRICT_OBJC_MSGSEND = YES;
				GCC_C_LANGUAGE_STANDARD = gnu99;
				GCC_NO_COMMON_BLOCKS = YES;
				GCC_WARN_64_TO_32_BIT_CONVERSION = YES;
				GCC_WARN_ABOUT_RETURN_TYPE = YES_ERROR;
				GCC_WARN_UNDECLARED_SELECTOR = YES;
				GCC_WARN_UNINITIALIZED_AUTOS = YES_AGGRESSIVE;
				GCC_WARN_UNUSED_FUNCTION = YES;
				GCC_WARN_UNUSED_VARIABLE = YES;
				MACOSX_DEPLOYMENT_TARGET = 10.13;
				MTL_ENABLE_DEBUG_INFO = NO;
				SDKROOT = macosx;
			};
			name = Release;
		};
		E91B390821628F9F00781C79 /* Debug */ = {
			isa = XCBuildConfiguration;
			buildSettings = {
				PRODUCT_NAME = "$(TARGET_NAME)";
			};
			name = Debug;
		};
		E91B390921628F9F00781C79 /* Release */ = {
			isa = XCBuildConfiguration;
			buildSettings = {
				PRODUCT_NAME = "$(TARGET_NAME)";
			};
			name = Release;
		};
/* End XCBuildConfiguration section */

/* Begin XCConfigurationList section */
		E91B38FB21628F9E00781C79 /* Build configuration list for PBXProject "Shell" */ = {
			isa = XCConfigurationList;
			buildConfigurations = (
				E91B390521628F9F00781C79 /* Debug */,
				E91B390621628F9F00781C79 /* Release */,
			);
			defaultConfigurationIsVisible = 0;
			defaultConfigurationName = Release;
		};
		E91B390721628F9F00781C79 /* Build configuration list for PBXNativeTarget "Shell" */ = {
			isa = XCConfigurationList;
			buildConfigurations = (
				E91B390821628F9F00781C79 /* Debug */,
				E91B390921628F9F00781C79 /* Release */,
			);
			defaultConfigurationIsVisible = 0;
			defaultConfigurationName = Release;
		};
/* End XCConfigurationList section */
	};
	rootObject = E91B38F821628F9E00781C79 /* Project object */;
}
